{
    "_readme": [
        "This file locks the dependencies of your project to a known state",
        "Read more about it at https://getcomposer.org/doc/01-basic-usage.md#installing-dependencies",
        "This file is @generated automatically"
    ],
    "content-hash": "39bb3db27dde5cbf50745cd56acd0f38",
    "packages": [
        {
            "name": "sand/iam-sdk",
            "version": "dev-main",
            "dist": {
                "type": "path",
                "url": "../../../sdk/php",
                "reference": "ea5a5f4d7ef526ad943a0d331114d608fb910618"
            },
            "require": {
                "ext-curl": "*",
                "ext-json": "*",
                "php": ">=8.2"
            },
            "type": "library",
            "autoload": {
                "psr-4": {
                    "Sand\\Iam\\Sdk\\": "src/"
                },
                "files": [
                    "src/ManagementDto.php"
                ]
            },
            "license": [
                "Apache-2.0"
            ],
            "description": "SandIAM PHP/Webman authorization client",
            "homepage": "https://github.com/supdger/sand-plugins",
            "support": {
                "issues": "https://github.com/supdger/sand-plugins/issues",
                "source": "https://github.com/supdger/sand-plugins"
            },
            "transport-options": {
                "symlink": false,
                "relative": true
            }
        }
    ],
    "packages-dev": [],
    "aliases": [],
    "minimum-stability": "stable",
    "stability-flags": {
        "sand/iam-sdk": 20
    },
    "prefer-stable": false,
    "prefer-lowest": false,
    "platform": {
        "php": ">=8.2",
        "ext-json": "*",
        "ext-pdo": "*",
        "ext-pdo_pgsql": "*"
    },
    "platform-dev": {},
    "plugin-api-version": "2.9.0"
}
